{
  "name": "mailjs-sdk",
  "version": "0.0.2",
  "lockfileVersion": 1,
  "requires": true,
  "dependencies": {
    "formdatatojson": {
      "version": "1.0.0",
      "resolved": "https://registry.npmjs.org/formdatatojson/-/formdatatojson-1.0.0.tgz",
      "integrity": "sha512-S68mbQAxFCKnA4mhnenk+SX7Ii71kIICtmJAMEP/1yM6VstieZOUYn/+w2lOjiqUjyFs56VcBVD4dWIDFihS2g=="
    }
  }
}
